{
    "name": "category-module",
    "requires": true,
    "lockfileVersion": 1,
    "dependencies": {
        "jquery": {
            "version": "3.5.1",
            "resolved": "https://registry.npmjs.org/jquery/-/jquery-3.5.1.tgz",
            "integrity": "sha512-XwIBPqcMn57FxfT+Go5pzySnm4KWkT1Tv7gjrpT1srtf8Weynl6R273VJ5GjkRb51IzMp5nbaPjJXMWeju2MKg==",
            "dev": true
        },
        "jstree": {
            "version": "3.3.11",
            "resolved": "https://registry.npmjs.org/jstree/-/jstree-3.3.11.tgz",
            "integrity": "sha512-9ZJKroPjCyjb6JLPuAbBrLJKT6pS1f4m5gkwoEagG5oQWtvzm0IiDsntXTxeFtz7AmqrKfij+gLfF9MgWriNxg==",
            "dev": true,
            "requires": {
                "jquery": ">=1.9.1"
            }
        }
    }
}
